{
  "name": "glace-shell",
  "version": "0.1.0",
  "lockfileVersion": 3,
  "requires": true,
  "packages": {
    "": {
      "name": "glace-shell",
      "version": "0.1.0",
      "dependencies": {
        "date-fns": "^4.1.0",
        "fzf": "^0.5.2"
      },
      "devDependencies": {
        "astal": "https://gitpkg.vercel.app/Aylur/astal/lang/gjs/src?main",
        "typescript": "^5.7.3"
      }
    },
    "../../../../../nix/store/33rq2l04zdc0ccbpvy31ximbjy9ldi9w-astal-gjs/share/astal/gjs": {
      "name": "astal",
      "extraneous": true,
      "license": "LGPL-2.1"
    },
    "../../../../../usr/share/astal/gjs": {
      "name": "astal",
      "extraneous": true,
      "license": "LGPL-2.1"
    },
    "node_modules/astal": {
      "resolved": "https://gitpkg.vercel.app/Aylur/astal/lang/gjs/src?main",
      "integrity": "sha512-2Z5qHJmqkOpvtFQcREerncTbAIhhdEnq5uPTGXLzh+zDHG9a2Br7RfQThWd7upwFoxTPCT1xpt78ZP/YzhU9BA==",
      "dev": true,
      "license": "LGPL-2.1"
    },
    "node_modules/date-fns": {
      "version": "4.1.0",
      "resolved": "https://registry.npmjs.org/date-fns/-/date-fns-4.1.0.tgz",
      "integrity": "sha512-Ukq0owbQXxa/U3EGtsdVBkR1w7KOQ5gIBqdH2hkvknzZPYvBxb/aa6E8L7tmjFtkwZBu3UXBbjIgPo/Ez4xaNg==",
      "license": "MIT",
      "funding": {
        "type": "github",
        "url": "https://github.com/sponsors/kossnocorp"
      }
    },
    "node_modules/fzf": {
      "version": "0.5.2",
      "resolved": "https://registry.npmjs.org/fzf/-/fzf-0.5.2.tgz",
      "integrity": "sha512-Tt4kuxLXFKHy8KT40zwsUPUkg1CrsgY25FxA2U/j/0WgEDCk3ddc/zLTCCcbSHX9FcKtLuVaDGtGE/STWC+j3Q==",
      "license": "BSD-3-Clause"
    },
    "node_modules/typescript": {
      "version": "5.7.3",
      "resolved": "https://registry.npmjs.org/typescript/-/typescript-5.7.3.tgz",
      "integrity": "sha512-84MVSjMEHP+FQRPy3pX9sTVV/INIex71s9TL2Gm5FG/WG1SqXeKyZ0k7/blY/4FdOzI12CBy1vGc4og/eus0fw==",
      "dev": true,
      "license": "Apache-2.0",
      "bin": {
        "tsc": "bin/tsc",
        "tsserver": "bin/tsserver"
      },
      "engines": {
        "node": ">=14.17"
      }
    }
  }
}
