{
  "name": "glace-shell",
  "version": "0.1.0",
  "lockfileVersion": 3,
  "requires": true,
  "packages": {
    "": {
      "name": "glace-shell",
      "version": "0.1.0",
      "dependencies": {
        "astal": "https://gitpkg.vercel.app/Aylur/astal/lang/gjs/src?07583deff8a486fad472718572c3248f0fbea1f3",
        "fzf": "^0.5.2"
      }
    },
    "node_modules/astal": {
      "resolved": "https://gitpkg.vercel.app/Aylur/astal/lang/gjs/src?07583deff8a486fad472718572c3248f0fbea1f3",
      "integrity": "sha512-gWHoeK/TtD3aJXk8xPu4zhuwF6kPEzngf7SaUowdEgdx9GhDNh2whoTH5QSy2uPTuhI9yKxK5yHoXKqUO++3WA==",
      "license": "LGPL-2.1"
    },
    "node_modules/fzf": {
      "version": "0.5.2",
      "resolved": "https://registry.npmjs.org/fzf/-/fzf-0.5.2.tgz",
      "integrity": "sha512-Tt4kuxLXFKHy8KT40zwsUPUkg1CrsgY25FxA2U/j/0WgEDCk3ddc/zLTCCcbSHX9FcKtLuVaDGtGE/STWC+j3Q==",
      "license": "BSD-3-Clause"
    }
  }
}
