lockfileVersion: '9.0'

settings:
  autoInstallPeers: true
  excludeLinksFromLockfile: false

importers:

  .:
    dependencies:
      astal:
        specifier: /usr/share/astal/gjs
        version: link:../../../../../usr/share/astal/gjs
      fzf:
        specifier: ^0.5.2
        version: 0.5.2

packages:

  fzf@0.5.2:
    resolution: {integrity: sha512-Tt4kuxLXFKHy8KT40zwsUPUkg1CrsgY25FxA2U/j/0WgEDCk3ddc/zLTCCcbSHX9FcKtLuVaDGtGE/STWC+j3Q==}

snapshots:

  fzf@0.5.2: {}
